PODS:
  - AFNetworking (4.0.1):
    - AFNetworking/NSURLSession (= 4.0.1)
    - AFNetworking/Reachability (= 4.0.1)
    - AFNetworking/Security (= 4.0.1)
    - AFNetworking/Serialization (= 4.0.1)
    - AFNetworking/UIKit (= 4.0.1)
  - AFNetworking/NSURLSession (4.0.1):
    - AFNetworking/Reachability
    - AFNetworking/Security
    - AFNetworking/Serialization
  - AFNetworking/Reachability (4.0.1)
  - AFNetworking/Security (4.0.1)
  - AFNetworking/Serialization (4.0.1)
  - AFNetworking/UIKit (4.0.1):
    - AFNetworking/NSURLSession
  - IFWebSocketKit (0.0.1):
    - AFNetworking
    - SocketRocket
  - Masonry (1.1.0)
  - SocketRocket (0.6.0)
  - Toast (4.0.0)

DEPENDENCIES:
  - IFWebSocketKit
  - Masonry
  - Toast (~> 4.0.0)

SPEC REPOS:
  http://10.255.35.174/iov-ios/IFSpecs.git:
    - IFWebSocketKit
  https://github.com/CocoaPods/Specs.git:
    - AFNetworking
    - SocketRocket
  trunk:
    - Masonry
    - Toast

SPEC CHECKSUMS:
  AFNetworking: 7864c38297c79aaca1500c33288e429c3451fdce
  IFWebSocketKit: cad5b0f3c1ca91915f98b1461f7302965b2d0669
  Masonry: 678fab65091a9290e40e2832a55e7ab731aad201
  SocketRocket: fccef3f9c5cedea1353a9ef6ada904fde10d6608
  Toast: 91b396c56ee72a5790816f40d3a94dd357abc196

PODFILE CHECKSUM: 0439162b1d0ec5d38730eff9f1f14ec9bf2f73ef

COCOAPODS: 1.11.3
